{
  "name": "aws",
  "version": "1.0.0",
  "lockfileVersion": 3,
  "requires": true,
  "packages": {
    "": {
      "name": "aws",
      "version": "1.0.0",
      "license": "ISC",
      "dependencies": {
        "@fastify/aws-lambda": "^3.5.0"
      }
    },
    "node_modules/@fastify/aws-lambda": {
      "version": "3.5.0",
      "resolved": "https://registry.npmjs.org/@fastify/aws-lambda/-/aws-lambda-3.5.0.tgz",
      "integrity": "sha512-AWn6/uVJX+oi/kTkh72kfkrZ7bu8REshaaP2Sqbjya25olN5nvw0ht1K3jL8DPRlOGym3XAZ/GN0C9r23Mo5mw=="
    }
  }
}
